
Microsoft Visual Studio Solution File, Format Version 12.00
# Visual Studio Version 16
VisualStudioVersion = 16.0.31229.75
MinimumVisualStudioVersion = 10.0.40219.1
Project("{9A19103F-16F7-4668-BE54-9A1E7A4F7556}") = "WeChip", "WeChip\WeChip.csproj", "{7B676D22-485E-449B-AA83-B47ED9EC7192}"
EndProject
Project("{9A19103F-16F7-4668-BE54-9A1E7A4F7556}") = "WeChip.Data", "WeChip.Data\WeChip.Data.csproj", "{840C7348-94E8-45A9-8EC7-82467E1BBAAB}"
EndProject
Project("{9A19103F-16F7-4668-BE54-9A1E7A4F7556}") = "WeChip.Repository", "WeChip.Repository\WeChip.Repository.csproj", "{084EA903-B1DD-4C3E-B503-220F10B4B2A8}"
EndProject
Project("{9A19103F-16F7-4668-BE54-9A1E7A4F7556}") = "WeChip.DomainModel", "WeChip.DomainModel\WeChip.DomainModel.csproj", "{197781A4-8D8B-4420-8022-64B0C293EEEB}"
EndProject
Project("{9A19103F-16F7-4668-BE54-9A1E7A4F7556}") = "WeChip.ViewModel", "WeChip.ViewModel\WeChip.ViewModel.csproj", "{1A4B8067-3FE5-4416-AB7A-939A431BB6D1}"
EndProject
Project("{FAE04EC0-301F-11D3-BF4B-00C04F79EFBC}") = "WeChip.Test", "WeChip.Test\WeChip.Test.csproj", "{CDEE6017-6A11-4953-8BCB-2CA500CFFEE9}"
EndProject
Global
	GlobalSection(SolutionConfigurationPlatforms) = preSolution
		Debug|Any CPU = Debug|Any CPU
		Release|Any CPU = Release|Any CPU
	EndGlobalSection
	GlobalSection(ProjectConfigurationPlatforms) = postSolution
		{7B676D22-485E-449B-AA83-B47ED9EC7192}.Debug|Any CPU.ActiveCfg = Debug|Any CPU
		{7B676D22-485E-449B-AA83-B47ED9EC7192}.Debug|Any CPU.Build.0 = Debug|Any CPU
		{7B676D22-485E-449B-AA83-B47ED9EC7192}.Release|Any CPU.ActiveCfg = Release|Any CPU
		{7B676D22-485E-449B-AA83-B47ED9EC7192}.Release|Any CPU.Build.0 = Release|Any CPU
		{840C7348-94E8-45A9-8EC7-82467E1BBAAB}.Debug|Any CPU.ActiveCfg = Debug|Any CPU
		{840C7348-94E8-45A9-8EC7-82467E1BBAAB}.Debug|Any CPU.Build.0 = Debug|Any CPU
		{840C7348-94E8-45A9-8EC7-82467E1BBAAB}.Release|Any CPU.ActiveCfg = Release|Any CPU
		{840C7348-94E8-45A9-8EC7-82467E1BBAAB}.Release|Any CPU.Build.0 = Release|Any CPU
		{084EA903-B1DD-4C3E-B503-220F10B4B2A8}.Debug|Any CPU.ActiveCfg = Debug|Any CPU
		{084EA903-B1DD-4C3E-B503-220F10B4B2A8}.Debug|Any CPU.Build.0 = Debug|Any CPU
		{084EA903-B1DD-4C3E-B503-220F10B4B2A8}.Release|Any CPU.ActiveCfg = Release|Any CPU
		{084EA903-B1DD-4C3E-B503-220F10B4B2A8}.Release|Any CPU.Build.0 = Release|Any CPU
		{197781A4-8D8B-4420-8022-64B0C293EEEB}.Debug|Any CPU.ActiveCfg = Debug|Any CPU
		{197781A4-8D8B-4420-8022-64B0C293EEEB}.Debug|Any CPU.Build.0 = Debug|Any CPU
		{197781A4-8D8B-4420-8022-64B0C293EEEB}.Release|Any CPU.ActiveCfg = Release|Any CPU
		{197781A4-8D8B-4420-8022-64B0C293EEEB}.Release|Any CPU.Build.0 = Release|Any CPU
		{1A4B8067-3FE5-4416-AB7A-939A431BB6D1}.Debug|Any CPU.ActiveCfg = Debug|Any CPU
		{1A4B8067-3FE5-4416-AB7A-939A431BB6D1}.Debug|Any CPU.Build.0 = Debug|Any CPU
		{1A4B8067-3FE5-4416-AB7A-939A431BB6D1}.Release|Any CPU.ActiveCfg = Release|Any CPU
		{1A4B8067-3FE5-4416-AB7A-939A431BB6D1}.Release|Any CPU.Build.0 = Release|Any CPU
		{CDEE6017-6A11-4953-8BCB-2CA500CFFEE9}.Debug|Any CPU.ActiveCfg = Debug|Any CPU
		{CDEE6017-6A11-4953-8BCB-2CA500CFFEE9}.Debug|Any CPU.Build.0 = Debug|Any CPU
		{CDEE6017-6A11-4953-8BCB-2CA500CFFEE9}.Release|Any CPU.ActiveCfg = Release|Any CPU
		{CDEE6017-6A11-4953-8BCB-2CA500CFFEE9}.Release|Any CPU.Build.0 = Release|Any CPU
	EndGlobalSection
	GlobalSection(SolutionProperties) = preSolution
		HideSolutionNode = FALSE
	EndGlobalSection
	GlobalSection(ExtensibilityGlobals) = postSolution
		SolutionGuid = {707E7272-1981-4F3B-8DB8-55B709C984B2}
	EndGlobalSection
EndGlobal
